{
  "name": "run",
  "lockfileVersion": 3,
  "requires": true,
  "packages": {
    "": {
      "dependencies": {
        "web-haptics": "^0.0.6"
      }
    },
    "node_modules/web-haptics": {
      "version": "0.0.6",
      "resolved": "https://registry.npmjs.org/web-haptics/-/web-haptics-0.0.6.tgz",
      "integrity": "sha512-eCzcf1LDi20+Fr0x9V3OkX92k0gxEQXaHajmhXHitsnk6SxPeshv8TBtBRqxyst8HI1uf2FyFVE7QS3jo1gkrw==",
      "license": "MIT",
      "peerDependencies": {
        "react": ">=18",
        "react-dom": ">=18",
        "svelte": ">=4",
        "vue": ">=3"
      },
      "peerDependenciesMeta": {
        "react": {
          "optional": true
        },
        "react-dom": {
          "optional": true
        },
        "svelte": {
          "optional": true
        },
        "vue": {
          "optional": true
        }
      }
    }
  }
}
